
Microsoft Visual Studio Solution File, Format Version 12.00
# Visual Studio Version 17
VisualStudioVersion = 17.14.36518.9
MinimumVisualStudioVersion = 10.0.40219.1
Project("{FAE04EC0-301F-11D3-BF4B-00C04F79EFBC}") = "CadParcial2SAZ", "CadParcial2SAZ\CadParcial2SAZ.csproj", "{5CDA267D-331B-4BE7-A7B0-8D7B84EFF3EE}"
EndProject
Project("{FAE04EC0-301F-11D3-BF4B-00C04F79EFBC}") = "ClnParcial2SAZ", "ClnParcial2SAZ\ClnParcial2SAZ.csproj", "{CD6FDE8C-3426-46E8-A656-DFBEB999AB55}"
EndProject
Project("{FAE04EC0-301F-11D3-BF4B-00C04F79EFBC}") = "CpParcial2SAZ", "CpParcial2SAZ\CpParcial2SAZ.csproj", "{D639B3A7-C2A8-4E39-9297-512E34A58E06}"
EndProject
Global
	GlobalSection(SolutionConfigurationPlatforms) = preSolution
		Debug|Any CPU = Debug|Any CPU
		Release|Any CPU = Release|Any CPU
	EndGlobalSection
	GlobalSection(ProjectConfigurationPlatforms) = postSolution
		{5CDA267D-331B-4BE7-A7B0-8D7B84EFF3EE}.Debug|Any CPU.ActiveCfg = Debug|Any CPU
		{5CDA267D-331B-4BE7-A7B0-8D7B84EFF3EE}.Debug|Any CPU.Build.0 = Debug|Any CPU
		{5CDA267D-331B-4BE7-A7B0-8D7B84EFF3EE}.Release|Any CPU.ActiveCfg = Release|Any CPU
		{5CDA267D-331B-4BE7-A7B0-8D7B84EFF3EE}.Release|Any CPU.Build.0 = Release|Any CPU
		{CD6FDE8C-3426-46E8-A656-DFBEB999AB55}.Debug|Any CPU.ActiveCfg = Debug|Any CPU
		{CD6FDE8C-3426-46E8-A656-DFBEB999AB55}.Debug|Any CPU.Build.0 = Debug|Any CPU
		{CD6FDE8C-3426-46E8-A656-DFBEB999AB55}.Release|Any CPU.ActiveCfg = Release|Any CPU
		{CD6FDE8C-3426-46E8-A656-DFBEB999AB55}.Release|Any CPU.Build.0 = Release|Any CPU
		{D639B3A7-C2A8-4E39-9297-512E34A58E06}.Debug|Any CPU.ActiveCfg = Debug|Any CPU
		{D639B3A7-C2A8-4E39-9297-512E34A58E06}.Debug|Any CPU.Build.0 = Debug|Any CPU
		{D639B3A7-C2A8-4E39-9297-512E34A58E06}.Release|Any CPU.ActiveCfg = Release|Any CPU
		{D639B3A7-C2A8-4E39-9297-512E34A58E06}.Release|Any CPU.Build.0 = Release|Any CPU
	EndGlobalSection
	GlobalSection(SolutionProperties) = preSolution
		HideSolutionNode = FALSE
	EndGlobalSection
	GlobalSection(ExtensibilityGlobals) = postSolution
		SolutionGuid = {294DD634-F008-468D-B5A0-A87868B07E4D}
	EndGlobalSection
EndGlobal
